{
  "name": "application-load-balancer",
  "version": "1.0.0",
  "lockfileVersion": 1,
  "requires": true,
  "dependencies": {
    "@aws-cdk/assets": {
      "version": "1.42.1",
      "resolved": "https://registry.npmjs.org/@aws-cdk/assets/-/assets-1.42.1.tgz",
      "integrity": "sha512-VB9uUbyrg72TJiH2q72kvnz6VxKsM9MOiMVQBhtTtbg0yCwy78lHXvkf58PQ3T1MyUPPllVZXb9xH9xaR/MFbA==",
      "requires": {
        "@aws-cdk/core": "1.42.1",
        "@aws-cdk/cx-api": "1.42.1",
        "constructs": "^3.0.2"
      }
    },
    "@aws-cdk/aws-autoscaling": {
      "version": "1.42.1",
      "resolved": "https://registry.npmjs.org/@aws-cdk/aws-autoscaling/-/aws-autoscaling-1.42.1.tgz",
      "integrity": "sha512-Z8qmcnPTTv9V47fCmtGyqJr2eHvxKJv0IgrINzGiraNW0KmQHRLOJtCz1ZKA5NQFNWXS/tL7oUkQTPcfBMui8g==",
      "requires": {
        "@aws-cdk/aws-autoscaling-common": "1.42.1",
        "@aws-cdk/aws-cloudwatch": "1.42.1",
        "@aws-cdk/aws-ec2": "1.42.1",
        "@aws-cdk/aws-elasticloadbalancing": "1.42.1",
        "@aws-cdk/aws-elasticloadbalancingv2": "1.42.1",
        "@aws-cdk/aws-iam": "1.42.1",
        "@aws-cdk/aws-sns": "1.42.1",
        "@aws-cdk/core": "1.42.1",
        "constructs": "^3.0.2"
      }
    },
    "@aws-cdk/aws-autoscaling-common": {
      "version": "1.42.1",
      "resolved": "https://registry.npmjs.org/@aws-cdk/aws-autoscaling-common/-/aws-autoscaling-common-1.42.1.tgz",
      "integrity": "sha512-xB7ezh61DHXPSAjJdNHjk55cBiBgXnvjP7wOFwL70QiJFE/oqn0XQ4Ma/LHsUQ4Ic1UtfWZ9oyGwJRUmGx4Axw==",
      "requires": {
        "@aws-cdk/aws-iam": "1.42.1",
        "@aws-cdk/core": "1.42.1",
        "constructs": "^3.0.2"
      }
    },
    "@aws-cdk/aws-certificatemanager": {
      "version": "1.42.1",
      "resolved": "https://registry.npmjs.org/@aws-cdk/aws-certificatemanager/-/aws-certificatemanager-1.42.1.tgz",
      "integrity": "sha512-eThTQK3+u9J225RqNaXUCOfgrGZhO+84ToH90meeUClK/+IBe3YkHgcLcYenZBJ8OMHFxVUZz/57s6xryHy8eg==",
      "requires": {
        "@aws-cdk/aws-iam": "1.42.1",
        "@aws-cdk/aws-lambda": "1.42.1",
        "@aws-cdk/aws-route53": "1.42.1",
        "@aws-cdk/core": "1.42.1",
        "constructs": "^3.0.2"
      }
    },
    "@aws-cdk/aws-cloudwatch": {
      "version": "1.42.1",
      "resolved": "https://registry.npmjs.org/@aws-cdk/aws-cloudwatch/-/aws-cloudwatch-1.42.1.tgz",
      "integrity": "sha512-2tdKltwqcwkuCnRTiN7md6AZIQzoVwMWRVN8qg1Dj604ERu9kAUMke0LpdAzDLpMCQ5symA0XNHJy3RKd7OopQ==",
      "requires": {
        "@aws-cdk/aws-iam": "1.42.1",
        "@aws-cdk/core": "1.42.1",
        "constructs": "^3.0.2"
      }
    },
    "@aws-cdk/aws-ec2": {
      "version": "1.42.1",
      "resolved": "https://registry.npmjs.org/@aws-cdk/aws-ec2/-/aws-ec2-1.42.1.tgz",
      "integrity": "sha512-lFLFk+JDE2n5Hw+GHRmGKT6OyfqCgOcf2oTPGU+zD5tYtC1qduIqzSdP396AFfx9UvTP0vvILUtl8nNKp7X8RA==",
      "requires": {
        "@aws-cdk/aws-cloudwatch": "1.42.1",
        "@aws-cdk/aws-iam": "1.42.1",
        "@aws-cdk/aws-logs": "1.42.1",
        "@aws-cdk/aws-s3": "1.42.1",
        "@aws-cdk/aws-ssm": "1.42.1",
        "@aws-cdk/cloud-assembly-schema": "1.42.1",
        "@aws-cdk/core": "1.42.1",
        "@aws-cdk/cx-api": "1.42.1",
        "@aws-cdk/region-info": "1.42.1",
        "constructs": "^3.0.2"
      }
    },
    "@aws-cdk/aws-elasticloadbalancing": {
      "version": "1.42.1",
      "resolved": "https://registry.npmjs.org/@aws-cdk/aws-elasticloadbalancing/-/aws-elasticloadbalancing-1.42.1.tgz",
      "integrity": "sha512-J9m+Wsi+7mM6oDtsqWZD06/yDz56+tGVZ+orlcp5xG1XdYLE5DTf2U9C646Nl1JFB8j2SLWywTN9Nvur90KOpw==",
      "requires": {
        "@aws-cdk/aws-ec2": "1.42.1",
        "@aws-cdk/core": "1.42.1",
        "constructs": "^3.0.2"
      }
    },
    "@aws-cdk/aws-elasticloadbalancingv2": {
      "version": "1.42.1",
      "resolved": "https://registry.npmjs.org/@aws-cdk/aws-elasticloadbalancingv2/-/aws-elasticloadbalancingv2-1.42.1.tgz",
      "integrity": "sha512-Ia//QmiF9vWjif088ajv5MHwL9EO/t8cWlPv/tyj89q4xXVIUG6j34hsBDabmFRhe35YsANF2YCafaVBBMJdkg==",
      "requires": {
        "@aws-cdk/aws-certificatemanager": "1.42.1",
        "@aws-cdk/aws-cloudwatch": "1.42.1",
        "@aws-cdk/aws-ec2": "1.42.1",
        "@aws-cdk/aws-iam": "1.42.1",
        "@aws-cdk/aws-lambda": "1.42.1",
        "@aws-cdk/aws-s3": "1.42.1",
        "@aws-cdk/core": "1.42.1",
        "constructs": "^3.0.2"
      }
    },
    "@aws-cdk/aws-events": {
      "version": "1.42.1",
      "resolved": "https://registry.npmjs.org/@aws-cdk/aws-events/-/aws-events-1.42.1.tgz",
      "integrity": "sha512-wB8IFGBvvjkG4E+7c7xk/8HG6sQ/vnTVfOAurb8iPpqXetIs2KMufyIpi5HVH34UQiujnoSqxqgGAQdizyn4ow==",
      "requires": {
        "@aws-cdk/aws-iam": "1.42.1",
        "@aws-cdk/core": "1.42.1",
        "constructs": "^3.0.2"
      }
    },
    "@aws-cdk/aws-iam": {
      "version": "1.42.1",
      "resolved": "https://registry.npmjs.org/@aws-cdk/aws-iam/-/aws-iam-1.42.1.tgz",
      "integrity": "sha512-WKxNoODU2r4Z8yLd4T3f8rUgpYDQUjdgb8jBaq6PffZtuCkl9HQiEiLrMviKh8TuLzWwRjKi/taBHfB/N1vaqw==",
      "requires": {
        "@aws-cdk/core": "1.42.1",
        "@aws-cdk/region-info": "1.42.1",
        "constructs": "^3.0.2"
      }
    },
    "@aws-cdk/aws-kms": {
      "version": "1.42.1",
      "resolved": "https://registry.npmjs.org/@aws-cdk/aws-kms/-/aws-kms-1.42.1.tgz",
      "integrity": "sha512-v2Vp8u330guNIOxUCRf4jYHr52Pc8lYnwam9MZOmUm8cHkrdvYhTcM+j3jV1u888igJiF0t4129q2HdHZTSHfQ==",
      "requires": {
        "@aws-cdk/aws-iam": "1.42.1",
        "@aws-cdk/core": "1.42.1",
        "constructs": "^3.0.2"
      }
    },
    "@aws-cdk/aws-lambda": {
      "version": "1.42.1",
      "resolved": "https://registry.npmjs.org/@aws-cdk/aws-lambda/-/aws-lambda-1.42.1.tgz",
      "integrity": "sha512-Lq9knRUyzM4UfrpWUusUznw4BiUzEPxIIWfb+9/WiFXS4kZDxDpHai8Gkt+Os+EsIjneEsN4CRoRiSnXI90ejA==",
      "requires": {
        "@aws-cdk/aws-cloudwatch": "1.42.1",
        "@aws-cdk/aws-ec2": "1.42.1",
        "@aws-cdk/aws-events": "1.42.1",
        "@aws-cdk/aws-iam": "1.42.1",
        "@aws-cdk/aws-logs": "1.42.1",
        "@aws-cdk/aws-s3": "1.42.1",
        "@aws-cdk/aws-s3-assets": "1.42.1",
        "@aws-cdk/aws-sqs": "1.42.1",
        "@aws-cdk/core": "1.42.1",
        "@aws-cdk/cx-api": "1.42.1",
        "constructs": "^3.0.2"
      }
    },
    "@aws-cdk/aws-logs": {
      "version": "1.42.1",
      "resolved": "https://registry.npmjs.org/@aws-cdk/aws-logs/-/aws-logs-1.42.1.tgz",
      "integrity": "sha512-oufNiiIo9QU4OS4WI7xFXV8n/3jdutd2EmBiJAbVK9RcQcDECx7LUCXUwC7rP/idA6JA4fUbQEhWAXHGO1AhXA==",
      "requires": {
        "@aws-cdk/aws-cloudwatch": "1.42.1",
        "@aws-cdk/aws-iam": "1.42.1",
        "@aws-cdk/core": "1.42.1",
        "constructs": "^3.0.2"
      }
    },
    "@aws-cdk/aws-rds": {
      "version": "1.42.1",
      "resolved": "https://registry.npmjs.org/@aws-cdk/aws-rds/-/aws-rds-1.42.1.tgz",
      "integrity": "sha512-IMl6ddov0FBKv45F+jiLiiaS0Np1/ljmv+jr3pBn4FSD4PkUhmoskqb0q5NabYpO9bmyixt6/IylzvQ//61wpA==",
      "requires": {
        "@aws-cdk/aws-cloudwatch": "1.42.1",
        "@aws-cdk/aws-ec2": "1.42.1",
        "@aws-cdk/aws-events": "1.42.1",
        "@aws-cdk/aws-iam": "1.42.1",
        "@aws-cdk/aws-kms": "1.42.1",
        "@aws-cdk/aws-lambda": "1.42.1",
        "@aws-cdk/aws-logs": "1.42.1",
        "@aws-cdk/aws-s3": "1.42.1",
        "@aws-cdk/aws-secretsmanager": "1.42.1",
        "@aws-cdk/core": "1.42.1",
        "constructs": "^3.0.2"
      }
    },
    "@aws-cdk/aws-route53": {
      "version": "1.42.1",
      "resolved": "https://registry.npmjs.org/@aws-cdk/aws-route53/-/aws-route53-1.42.1.tgz",
      "integrity": "sha512-yjvbe2+gMOHF4bmVqwj/WEVnpFAT7zLwCPayruf2LzmibpgVdpFKsediqJ/lWZI3LzY5VKHKuFrYePlotbUslg==",
      "requires": {
        "@aws-cdk/aws-ec2": "1.42.1",
        "@aws-cdk/aws-logs": "1.42.1",
        "@aws-cdk/cloud-assembly-schema": "1.42.1",
        "@aws-cdk/core": "1.42.1",
        "constructs": "^3.0.2"
      }
    },
    "@aws-cdk/aws-s3": {
      "version": "1.42.1",
      "resolved": "https://registry.npmjs.org/@aws-cdk/aws-s3/-/aws-s3-1.42.1.tgz",
      "integrity": "sha512-krAMkwImYET96WpVwXywMrFLegaN8lGUF1Xh6+Yej9ZEevAkc6YCr5Ht4sAbK2dcQAVxQuKs6PGljCwkJq1GJA==",
      "requires": {
        "@aws-cdk/aws-events": "1.42.1",
        "@aws-cdk/aws-iam": "1.42.1",
        "@aws-cdk/aws-kms": "1.42.1",
        "@aws-cdk/core": "1.42.1",
        "constructs": "^3.0.2"
      }
    },
    "@aws-cdk/aws-s3-assets": {
      "version": "1.42.1",
      "resolved": "https://registry.npmjs.org/@aws-cdk/aws-s3-assets/-/aws-s3-assets-1.42.1.tgz",
      "integrity": "sha512-QdL9rVf0do/CJsGqernBIIqcoCOYYuQ1UnbBhFQ8InjUsyGaqcS/I/4OTGVFOETthfOly7LVJj2AwJztje3qVA==",
      "requires": {
        "@aws-cdk/assets": "1.42.1",
        "@aws-cdk/aws-iam": "1.42.1",
        "@aws-cdk/aws-s3": "1.42.1",
        "@aws-cdk/core": "1.42.1",
        "@aws-cdk/cx-api": "1.42.1",
        "constructs": "^3.0.2"
      }
    },
    "@aws-cdk/aws-sam": {
      "version": "1.42.1",
      "resolved": "https://registry.npmjs.org/@aws-cdk/aws-sam/-/aws-sam-1.42.1.tgz",
      "integrity": "sha512-qrqNj/2sUIrYauw7+jPgiN4v89WmBarDfOFpdF6RgcLmji/rWfcfT/BOVaVm7Ktd62U4AiFszuYt35GyE+cksg==",
      "requires": {
        "@aws-cdk/core": "1.42.1",
        "constructs": "^3.0.2"
      }
    },
    "@aws-cdk/aws-secretsmanager": {
      "version": "1.42.1",
      "resolved": "https://registry.npmjs.org/@aws-cdk/aws-secretsmanager/-/aws-secretsmanager-1.42.1.tgz",
      "integrity": "sha512-Yvtnmusox3oUA1Fs/H5J7aD+siikrG1CrLFzX0n87FU35kaNDuAk/d9maK92an9pRB67b82Sj/H8NmGqo5hkJg==",
      "requires": {
        "@aws-cdk/aws-ec2": "1.42.1",
        "@aws-cdk/aws-iam": "1.42.1",
        "@aws-cdk/aws-kms": "1.42.1",
        "@aws-cdk/aws-lambda": "1.42.1",
        "@aws-cdk/aws-sam": "1.42.1",
        "@aws-cdk/core": "1.42.1",
        "constructs": "^3.0.2"
      }
    },
    "@aws-cdk/aws-sns": {
      "version": "1.42.1",
      "resolved": "https://registry.npmjs.org/@aws-cdk/aws-sns/-/aws-sns-1.42.1.tgz",
      "integrity": "sha512-vT/q/aD16K+w1kgbbLuz7UNuPbbhu+yQbx2Dt/wfTP1lTmMErzJExNin851l/N2n6bl8uWjLr7uJ5+R8akQeRw==",
      "requires": {
        "@aws-cdk/aws-cloudwatch": "1.42.1",
        "@aws-cdk/aws-events": "1.42.1",
        "@aws-cdk/aws-iam": "1.42.1",
        "@aws-cdk/aws-kms": "1.42.1",
        "@aws-cdk/aws-sqs": "1.42.1",
        "@aws-cdk/core": "1.42.1",
        "constructs": "^3.0.2"
      }
    },
    "@aws-cdk/aws-sqs": {
      "version": "1.42.1",
      "resolved": "https://registry.npmjs.org/@aws-cdk/aws-sqs/-/aws-sqs-1.42.1.tgz",
      "integrity": "sha512-QStgUuhOc5FnwS9xoCdKFlwwBRZSP6DGbySrR7jAwh0ZJL6nLJ8RYxeS0vA92UqKCgMkyask2aiVDQ+VUXTMRw==",
      "requires": {
        "@aws-cdk/aws-cloudwatch": "1.42.1",
        "@aws-cdk/aws-iam": "1.42.1",
        "@aws-cdk/aws-kms": "1.42.1",
        "@aws-cdk/core": "1.42.1",
        "constructs": "^3.0.2"
      }
    },
    "@aws-cdk/aws-ssm": {
      "version": "1.42.1",
      "resolved": "https://registry.npmjs.org/@aws-cdk/aws-ssm/-/aws-ssm-1.42.1.tgz",
      "integrity": "sha512-++2i4QAFaAmReQa+MO8Doi+KpXrDVmioM0xdPQLTjOcw5Mw39JVLL3Zws/omKzcEU/B6ElTbJtCKqC0pTCJ47A==",
      "requires": {
        "@aws-cdk/aws-iam": "1.42.1",
        "@aws-cdk/aws-kms": "1.42.1",
        "@aws-cdk/cloud-assembly-schema": "1.42.1",
        "@aws-cdk/core": "1.42.1",
        "constructs": "^3.0.2"
      }
    },
    "@aws-cdk/cdk-assets-schema": {
      "version": "1.42.1",
      "resolved": "https://registry.npmjs.org/@aws-cdk/cdk-assets-schema/-/cdk-assets-schema-1.42.1.tgz",
      "integrity": "sha512-u2teZiV3btWQN3DOdncJw2jnRWU/LhaSLgqkulkmMQ2EJfNO+CpNgmCNvNtJRMOAOY8JnQSjpZ/9DcRINzjlWA==",
      "requires": {
        "semver": "^7.2.2"
      },
      "dependencies": {
        "semver": {
          "version": "7.3.2",
          "bundled": true
        }
      }
    },
    "@aws-cdk/cloud-assembly-schema": {
      "version": "1.42.1",
      "resolved": "https://registry.npmjs.org/@aws-cdk/cloud-assembly-schema/-/cloud-assembly-schema-1.42.1.tgz",
      "integrity": "sha512-Y6FiZGBVqUebHGHjdQpFFi49tqBTh5qGJlGLxhM0vO1eODEBDad5T8Pljhj2T8sUmLFnuuolEKdCXY47Nb7JxQ==",
      "requires": {
        "jsonschema": "^1.2.5",
        "semver": "^7.2.2"
      },
      "dependencies": {
        "jsonschema": {
          "version": "1.2.6",
          "bundled": true
        },
        "semver": {
          "version": "7.3.2",
          "bundled": true
        }
      }
    },
    "@aws-cdk/core": {
      "version": "1.42.1",
      "resolved": "https://registry.npmjs.org/@aws-cdk/core/-/core-1.42.1.tgz",
      "integrity": "sha512-dlZnEEN5WWsOuSEZs1TaIlUE2DVvOTqX1DDXa2Smlwt7N3gyjPH7sR16bhSJ7/XqG8jlV+0Ogw6onXkixRd3QA==",
      "requires": {
        "@aws-cdk/cdk-assets-schema": "1.42.1",
        "@aws-cdk/cloud-assembly-schema": "1.42.1",
        "@aws-cdk/cx-api": "1.42.1",
        "constructs": "^3.0.2",
        "minimatch": "^3.0.4"
      },
      "dependencies": {
        "balanced-match": {
          "version": "1.0.0",
          "bundled": true
        },
        "brace-expansion": {
          "version": "1.1.11",
          "bundled": true,
          "requires": {
            "balanced-match": "^1.0.0",
            "concat-map": "0.0.1"
          }
        },
        "concat-map": {
          "version": "0.0.1",
          "bundled": true
        },
        "minimatch": {
          "version": "3.0.4",
          "bundled": true,
          "requires": {
            "brace-expansion": "^1.1.7"
          }
        }
      }
    },
    "@aws-cdk/cx-api": {
      "version": "1.42.1",
      "resolved": "https://registry.npmjs.org/@aws-cdk/cx-api/-/cx-api-1.42.1.tgz",
      "integrity": "sha512-rwL+13assm8glAH2G5SglukN7pyiWwRS1yrNUL1l9p1ixJyqUBd8qwpJYk/e4NnHhfDVtUj8QvnxZv0DHaZrDw==",
      "requires": {
        "@aws-cdk/cloud-assembly-schema": "1.42.1",
        "semver": "^7.2.2"
      },
      "dependencies": {
        "semver": {
          "version": "7.3.2",
          "bundled": true
        }
      }
    },
    "@aws-cdk/region-info": {
      "version": "1.42.1",
      "resolved": "https://registry.npmjs.org/@aws-cdk/region-info/-/region-info-1.42.1.tgz",
      "integrity": "sha512-fqY8vhDGtZoU+5rZUMX/SsYfwalQDKa4Owpsz9/thjqhKhqYMrxh9thPYlxAfRei+xMjbyEi+DbDNA/SiY8yBg=="
    },
    "@types/node": {
      "version": "10.17.24",
      "resolved": "https://registry.npmjs.org/@types/node/-/node-10.17.24.tgz",
      "integrity": "sha512-5SCfvCxV74kzR3uWgTYiGxrd69TbT1I6+cMx1A5kEly/IVveJBimtAMlXiEyVFn5DvUFewQWxOOiJhlxeQwxgA==",
      "dev": true
    },
    "balanced-match": {
      "version": "1.0.0",
      "resolved": "https://registry.npmjs.org/balanced-match/-/balanced-match-1.0.0.tgz",
      "integrity": "sha1-ibTRmasr7kneFk6gK4nORi1xt2c="
    },
    "brace-expansion": {
      "version": "1.1.11",
      "resolved": "https://registry.npmjs.org/brace-expansion/-/brace-expansion-1.1.11.tgz",
      "integrity": "sha512-iCuPHDFgrHX7H2vEI/5xpz07zSHB00TpugqhmYtVmMO6518mCuRMoOYFldEBl0g187ufozdaHgWKcYFb61qGiA==",
      "requires": {
        "balanced-match": "^1.0.0",
        "concat-map": "0.0.1"
      }
    },
    "concat-map": {
      "version": "0.0.1",
      "resolved": "https://registry.npmjs.org/concat-map/-/concat-map-0.0.1.tgz",
      "integrity": "sha1-2Klr13/Wjfd5OnMDajug1UBdR3s="
    },
    "constructs": {
      "version": "3.0.3",
      "resolved": "https://registry.npmjs.org/constructs/-/constructs-3.0.3.tgz",
      "integrity": "sha512-JrYLpTlz92Un1jxkwoGiOiGoDjzIWtxo64sLC5FD4mQN1H9mAqZNvgxWYWaJIiWUXNkl5L5sO3GFf6peTj7UMQ=="
    },
    "minimatch": {
      "version": "3.0.4",
      "resolved": "https://registry.npmjs.org/minimatch/-/minimatch-3.0.4.tgz",
      "integrity": "sha512-yJHVQEhyqPLUTgt9B83PXu6W3rx4MvvHvSUvToogpwoGDOUQ+yDrR0HRot+yOCdCO7u4hX3pWft6kWBBcqh0UA==",
      "requires": {
        "brace-expansion": "^1.1.7"
      }
    },
    "run": {
      "version": "1.4.0",
      "resolved": "https://registry.npmjs.org/run/-/run-1.4.0.tgz",
      "integrity": "sha1-4X2ekEOrL+F3dsspnhI3848LT/o=",
      "requires": {
        "minimatch": "*"
      }
    },
    "typescript": {
      "version": "3.6.5",
      "resolved": "https://registry.npmjs.org/typescript/-/typescript-3.6.5.tgz",
      "integrity": "sha512-BEjlc0Z06ORZKbtcxGrIvvwYs5hAnuo6TKdNFL55frVDlB+na3z5bsLhFaIxmT+dPWgBIjMo6aNnTOgHHmHgiQ==",
      "dev": true
    }
  }
}
